
Microsoft Visual Studio Solution File, Format Version 12.00
# Visual Studio Version 17
VisualStudioVersion = 17.9.34728.123
MinimumVisualStudioVersion = 10.0.40219.1
Project("{9A19103F-16F7-4668-BE54-9A1E7A4F7556}") = "MyPlanner.Projects.Api", "MyPlanner.Projects.Api\MyPlanner.Projects.Api.csproj", "{8EDF40D9-223B-44EE-80F2-07DD57CB06F0}"
EndProject
Project("{2150E333-8FDC-42A3-9474-1A3956D46DE8}") = "Services", "Services", "{869B2FC0-EB42-4FB9-9A23-B0ADA60658CA}"
EndProject
Project("{2150E333-8FDC-42A3-9474-1A3956D46DE8}") = "Projects", "Projects", "{0CBAA419-1592-4368-98BF-16E857F22660}"
EndProject
Project("{2150E333-8FDC-42A3-9474-1A3956D46DE8}") = "BuildingBlocks", "BuildingBlocks", "{BBD78F16-4AC7-43B9-95D7-D8079E93B7EF}"
EndProject
Project("{9A19103F-16F7-4668-BE54-9A1E7A4F7556}") = "BeyondNet.Ddd", "BeyondNet.Ddd\BeyondNet.Ddd.csproj", "{7F80AA29-1768-4079-82DB-3C05F0255059}"
EndProject
Project("{9A19103F-16F7-4668-BE54-9A1E7A4F7556}") = "BeyondNet.Ddd.Test", "BeyondNet.Ddd.Test\BeyondNet.Ddd.Test.csproj", "{C1EC667F-CFDD-48BE-980A-5E3C643E8EC8}"
EndProject
Project("{2150E333-8FDC-42A3-9474-1A3956D46DE8}") = "CrossCutting", "CrossCutting", "{BB1DC58B-93D9-49B7-97AB-E5037DAA2580}"
EndProject
Project("{9A19103F-16F7-4668-BE54-9A1E7A4F7556}") = "MyPlanner.Shared", "MyPlanner.Shared\MyPlanner.Shared.csproj", "{15685A87-146B-4145-8615-6F1B8FB34F8F}"
EndProject
Project("{9A19103F-16F7-4668-BE54-9A1E7A4F7556}") = "MyPlanner.Projects.Domain", "MyPlanner.Projects.Domain\MyPlanner.Projects.Domain.csproj", "{52AEF139-F867-4068-A102-49B66324F784}"
EndProject
Project("{2150E333-8FDC-42A3-9474-1A3956D46DE8}") = "Releases", "Releases", "{AEB55F36-AA22-4F81-9F06-0E021308BB8C}"
EndProject
Project("{9A19103F-16F7-4668-BE54-9A1E7A4F7556}") = "MyPlanner.Releases.Domain", "MyPlanner.Releases.Domain\MyPlanner.Releases.Domain.csproj", "{4EA508A2-5CA7-46EA-9467-21E7CECB32E1}"
EndProject
Project("{9A19103F-16F7-4668-BE54-9A1E7A4F7556}") = "MyPlanner.Projects.Infrastructure", "MyPlanner.Projects.Infrastructure\MyPlanner.Projects.Infrastructure.csproj", "{EECA6A0B-8B9E-4663-8B8E-384744648E1E}"
EndProject
Project("{9A19103F-16F7-4668-BE54-9A1E7A4F7556}") = "MyPlanner.IntegrationEventLogEF", "MyPlanner.IntegrationEventLogEF\MyPlanner.IntegrationEventLogEF.csproj", "{E06B9696-A366-4917-A71D-E6CFA65C13AA}"
EndProject
Project("{9A19103F-16F7-4668-BE54-9A1E7A4F7556}") = "MyPlanner.EventBus", "MyPlanner.EventBus\MyPlanner.EventBus.csproj", "{4AE3BAA1-1EBD-4B77-A6AB-B293B8706108}"
EndProject
Project("{2150E333-8FDC-42A3-9474-1A3956D46DE8}") = "Products", "Products", "{37C4693B-F358-401F-BB16-256A71D78223}"
EndProject
Project("{9A19103F-16F7-4668-BE54-9A1E7A4F7556}") = "MyPlanner.Products.Domain", "MyPlanner.Products.Domain\MyPlanner.Products.Domain.csproj", "{02737443-767C-42BE-99DA-1A38C3D724AE}"
EndProject
Project("{FAE04EC0-301F-11D3-BF4B-00C04F79EFBC}") = "MyPlanner.Products.Api", "MyPlanner.Products.Api\MyPlanner.Products.Api.csproj", "{E8630A9E-225E-416B-978B-4E0F12CA93BD}"
EndProject
Project("{FAE04EC0-301F-11D3-BF4B-00C04F79EFBC}") = "MyPlanner.Products.Infrastructure", "MyPlanner.Products.Infrastructure\MyPlanner.Products.Infrastructure.csproj", "{6F1C64A2-DFCA-4CB8-844A-573F39D36F34}"
EndProject
Project("{FAE04EC0-301F-11D3-BF4B-00C04F79EFBC}") = "MyPlanner.Releases.Api", "MyPlanner.Releases.Api\MyPlanner.Releases.Api.csproj", "{37454B01-6FB3-4833-A8C0-55030938FD1E}"
EndProject
Project("{FAE04EC0-301F-11D3-BF4B-00C04F79EFBC}") = "MyPlanner.Releases.Infrastructure", "MyPlanner.Releases.Infrastructure\MyPlanner.Releases.Infrastructure.csproj", "{DB6246AE-D53B-4AA6-8ECC-C28E259528E1}"
EndProject
Global
	GlobalSection(SolutionConfigurationPlatforms) = preSolution
		Debug|Any CPU = Debug|Any CPU
		Release|Any CPU = Release|Any CPU
	EndGlobalSection
	GlobalSection(ProjectConfigurationPlatforms) = postSolution
		{8EDF40D9-223B-44EE-80F2-07DD57CB06F0}.Debug|Any CPU.ActiveCfg = Debug|Any CPU
		{8EDF40D9-223B-44EE-80F2-07DD57CB06F0}.Debug|Any CPU.Build.0 = Debug|Any CPU
		{8EDF40D9-223B-44EE-80F2-07DD57CB06F0}.Release|Any CPU.ActiveCfg = Release|Any CPU
		{8EDF40D9-223B-44EE-80F2-07DD57CB06F0}.Release|Any CPU.Build.0 = Release|Any CPU
		{7F80AA29-1768-4079-82DB-3C05F0255059}.Debug|Any CPU.ActiveCfg = Debug|Any CPU
		{7F80AA29-1768-4079-82DB-3C05F0255059}.Debug|Any CPU.Build.0 = Debug|Any CPU
		{7F80AA29-1768-4079-82DB-3C05F0255059}.Release|Any CPU.ActiveCfg = Release|Any CPU
		{7F80AA29-1768-4079-82DB-3C05F0255059}.Release|Any CPU.Build.0 = Release|Any CPU
		{C1EC667F-CFDD-48BE-980A-5E3C643E8EC8}.Debug|Any CPU.ActiveCfg = Debug|Any CPU
		{C1EC667F-CFDD-48BE-980A-5E3C643E8EC8}.Debug|Any CPU.Build.0 = Debug|Any CPU
		{C1EC667F-CFDD-48BE-980A-5E3C643E8EC8}.Release|Any CPU.ActiveCfg = Release|Any CPU
		{C1EC667F-CFDD-48BE-980A-5E3C643E8EC8}.Release|Any CPU.Build.0 = Release|Any CPU
		{15685A87-146B-4145-8615-6F1B8FB34F8F}.Debug|Any CPU.ActiveCfg = Debug|Any CPU
		{15685A87-146B-4145-8615-6F1B8FB34F8F}.Debug|Any CPU.Build.0 = Debug|Any CPU
		{15685A87-146B-4145-8615-6F1B8FB34F8F}.Release|Any CPU.ActiveCfg = Release|Any CPU
		{15685A87-146B-4145-8615-6F1B8FB34F8F}.Release|Any CPU.Build.0 = Release|Any CPU
		{52AEF139-F867-4068-A102-49B66324F784}.Debug|Any CPU.ActiveCfg = Debug|Any CPU
		{52AEF139-F867-4068-A102-49B66324F784}.Debug|Any CPU.Build.0 = Debug|Any CPU
		{52AEF139-F867-4068-A102-49B66324F784}.Release|Any CPU.ActiveCfg = Release|Any CPU
		{52AEF139-F867-4068-A102-49B66324F784}.Release|Any CPU.Build.0 = Release|Any CPU
		{4EA508A2-5CA7-46EA-9467-21E7CECB32E1}.Debug|Any CPU.ActiveCfg = Debug|Any CPU
		{4EA508A2-5CA7-46EA-9467-21E7CECB32E1}.Debug|Any CPU.Build.0 = Debug|Any CPU
		{4EA508A2-5CA7-46EA-9467-21E7CECB32E1}.Release|Any CPU.ActiveCfg = Release|Any CPU
		{4EA508A2-5CA7-46EA-9467-21E7CECB32E1}.Release|Any CPU.Build.0 = Release|Any CPU
		{EECA6A0B-8B9E-4663-8B8E-384744648E1E}.Debug|Any CPU.ActiveCfg = Debug|Any CPU
		{EECA6A0B-8B9E-4663-8B8E-384744648E1E}.Debug|Any CPU.Build.0 = Debug|Any CPU
		{EECA6A0B-8B9E-4663-8B8E-384744648E1E}.Release|Any CPU.ActiveCfg = Release|Any CPU
		{EECA6A0B-8B9E-4663-8B8E-384744648E1E}.Release|Any CPU.Build.0 = Release|Any CPU
		{E06B9696-A366-4917-A71D-E6CFA65C13AA}.Debug|Any CPU.ActiveCfg = Debug|Any CPU
		{E06B9696-A366-4917-A71D-E6CFA65C13AA}.Debug|Any CPU.Build.0 = Debug|Any CPU
		{E06B9696-A366-4917-A71D-E6CFA65C13AA}.Release|Any CPU.ActiveCfg = Release|Any CPU
		{E06B9696-A366-4917-A71D-E6CFA65C13AA}.Release|Any CPU.Build.0 = Release|Any CPU
		{4AE3BAA1-1EBD-4B77-A6AB-B293B8706108}.Debug|Any CPU.ActiveCfg = Debug|Any CPU
		{4AE3BAA1-1EBD-4B77-A6AB-B293B8706108}.Debug|Any CPU.Build.0 = Debug|Any CPU
		{4AE3BAA1-1EBD-4B77-A6AB-B293B8706108}.Release|Any CPU.ActiveCfg = Release|Any CPU
		{4AE3BAA1-1EBD-4B77-A6AB-B293B8706108}.Release|Any CPU.Build.0 = Release|Any CPU
		{02737443-767C-42BE-99DA-1A38C3D724AE}.Debug|Any CPU.ActiveCfg = Debug|Any CPU
		{02737443-767C-42BE-99DA-1A38C3D724AE}.Debug|Any CPU.Build.0 = Debug|Any CPU
		{02737443-767C-42BE-99DA-1A38C3D724AE}.Release|Any CPU.ActiveCfg = Release|Any CPU
		{02737443-767C-42BE-99DA-1A38C3D724AE}.Release|Any CPU.Build.0 = Release|Any CPU
		{E8630A9E-225E-416B-978B-4E0F12CA93BD}.Debug|Any CPU.ActiveCfg = Debug|Any CPU
		{E8630A9E-225E-416B-978B-4E0F12CA93BD}.Debug|Any CPU.Build.0 = Debug|Any CPU
		{E8630A9E-225E-416B-978B-4E0F12CA93BD}.Release|Any CPU.ActiveCfg = Release|Any CPU
		{E8630A9E-225E-416B-978B-4E0F12CA93BD}.Release|Any CPU.Build.0 = Release|Any CPU
		{6F1C64A2-DFCA-4CB8-844A-573F39D36F34}.Debug|Any CPU.ActiveCfg = Debug|Any CPU
		{6F1C64A2-DFCA-4CB8-844A-573F39D36F34}.Debug|Any CPU.Build.0 = Debug|Any CPU
		{6F1C64A2-DFCA-4CB8-844A-573F39D36F34}.Release|Any CPU.ActiveCfg = Release|Any CPU
		{6F1C64A2-DFCA-4CB8-844A-573F39D36F34}.Release|Any CPU.Build.0 = Release|Any CPU
		{37454B01-6FB3-4833-A8C0-55030938FD1E}.Debug|Any CPU.ActiveCfg = Debug|Any CPU
		{37454B01-6FB3-4833-A8C0-55030938FD1E}.Debug|Any CPU.Build.0 = Debug|Any CPU
		{37454B01-6FB3-4833-A8C0-55030938FD1E}.Release|Any CPU.ActiveCfg = Release|Any CPU
		{37454B01-6FB3-4833-A8C0-55030938FD1E}.Release|Any CPU.Build.0 = Release|Any CPU
		{DB6246AE-D53B-4AA6-8ECC-C28E259528E1}.Debug|Any CPU.ActiveCfg = Debug|Any CPU
		{DB6246AE-D53B-4AA6-8ECC-C28E259528E1}.Debug|Any CPU.Build.0 = Debug|Any CPU
		{DB6246AE-D53B-4AA6-8ECC-C28E259528E1}.Release|Any CPU.ActiveCfg = Release|Any CPU
		{DB6246AE-D53B-4AA6-8ECC-C28E259528E1}.Release|Any CPU.Build.0 = Release|Any CPU
	EndGlobalSection
	GlobalSection(SolutionProperties) = preSolution
		HideSolutionNode = FALSE
	EndGlobalSection
	GlobalSection(NestedProjects) = preSolution
		{8EDF40D9-223B-44EE-80F2-07DD57CB06F0} = {0CBAA419-1592-4368-98BF-16E857F22660}
		{0CBAA419-1592-4368-98BF-16E857F22660} = {869B2FC0-EB42-4FB9-9A23-B0ADA60658CA}
		{7F80AA29-1768-4079-82DB-3C05F0255059} = {BBD78F16-4AC7-43B9-95D7-D8079E93B7EF}
		{C1EC667F-CFDD-48BE-980A-5E3C643E8EC8} = {BBD78F16-4AC7-43B9-95D7-D8079E93B7EF}
		{15685A87-146B-4145-8615-6F1B8FB34F8F} = {BB1DC58B-93D9-49B7-97AB-E5037DAA2580}
		{52AEF139-F867-4068-A102-49B66324F784} = {0CBAA419-1592-4368-98BF-16E857F22660}
		{AEB55F36-AA22-4F81-9F06-0E021308BB8C} = {869B2FC0-EB42-4FB9-9A23-B0ADA60658CA}
		{4EA508A2-5CA7-46EA-9467-21E7CECB32E1} = {AEB55F36-AA22-4F81-9F06-0E021308BB8C}
		{EECA6A0B-8B9E-4663-8B8E-384744648E1E} = {0CBAA419-1592-4368-98BF-16E857F22660}
		{E06B9696-A366-4917-A71D-E6CFA65C13AA} = {BB1DC58B-93D9-49B7-97AB-E5037DAA2580}
		{4AE3BAA1-1EBD-4B77-A6AB-B293B8706108} = {BB1DC58B-93D9-49B7-97AB-E5037DAA2580}
		{37C4693B-F358-401F-BB16-256A71D78223} = {869B2FC0-EB42-4FB9-9A23-B0ADA60658CA}
		{02737443-767C-42BE-99DA-1A38C3D724AE} = {37C4693B-F358-401F-BB16-256A71D78223}
		{E8630A9E-225E-416B-978B-4E0F12CA93BD} = {37C4693B-F358-401F-BB16-256A71D78223}
		{6F1C64A2-DFCA-4CB8-844A-573F39D36F34} = {37C4693B-F358-401F-BB16-256A71D78223}
		{37454B01-6FB3-4833-A8C0-55030938FD1E} = {AEB55F36-AA22-4F81-9F06-0E021308BB8C}
		{DB6246AE-D53B-4AA6-8ECC-C28E259528E1} = {AEB55F36-AA22-4F81-9F06-0E021308BB8C}
	EndGlobalSection
	GlobalSection(ExtensibilityGlobals) = postSolution
		SolutionGuid = {F34CF7E7-3760-4813-8C11-D4CF075FAFB8}
	EndGlobalSection
EndGlobal
